schema: '2.0'
stages:
  data_ingestion:
    cmd: python src/salesPrediction/pipeline/s01_data_ingestion.py
    deps:
    - path: configs/config.yaml
      md5: fb58fd0b571179d5a610637bf91e3a0d
      size: 1593
    - path: src/salesPrediction/pipeline/s01_data_ingestion.py
      md5: e35981dc9d80c10c395510f4844bd3df
      size: 781
    outs:
    - path: artifacts/data_ingestion
      md5: e78ad2b4c0ee4d5ea32c128782800cab.dir
      size: 1711625
      nfiles: 3
  data_validation:
    cmd: python src/salesPrediction/pipeline/s02_data_validation.py
    deps:
    - path: artifacts/data_ingestion/raw/Train.csv
      md5: e0df0a56f3f03c084c828b29aaa0f314
      size: 869537
    - path: configs/config.yaml
      md5: fb58fd0b571179d5a610637bf91e3a0d
      size: 1593
    - path: configs/schema.yaml
      md5: 7128f27cde6862a71a5b4cbb1f310258
      size: 736
    - path: src/salesPrediction/pipeline/s02_data_validation.py
      md5: c7641fea367478ade18ac5262ad88a55
      size: 861
    outs:
    - path: artifacts/data_validation
      md5: ea1c3bf3cb0675730ada891b0b2cb962.dir
      size: 3613835
      nfiles: 2
  data_preprocessing:
    cmd: python src/salesPrediction/pipeline/s03_data_preprocessing.py
    deps:
    - path: artifacts/data_ingestion/raw/Train.csv
      md5: e0df0a56f3f03c084c828b29aaa0f314
      size: 869537
    - path: configs/config.yaml
      md5: fb58fd0b571179d5a610637bf91e3a0d
      size: 1593
    - path: configs/schema.yaml
      md5: 7128f27cde6862a71a5b4cbb1f310258
      size: 736
    - path: src/salesPrediction/pipeline/s03_data_preprocessing.py
      md5: 03a6f300b078361d9ee1595cfedcdd0a
      size: 894
    outs:
    - path: artifacts/data_preprocessing/Train_preprocessed.npy
      md5: 60c68a3c5c42fa6de38382ff67da086f
      size: 2795672
    - path: artifacts/data_preprocessing/preprocessed.pkl
      md5: 3f68b2e2f86929040ffaa61b6cdc1dcd
      size: 16124
